// !$*UTF8*$!
{
	archiveVersion = 1;
	classes = {
	};
	objectVersion = 50;
	objects = {

/* Begin PBXBuildFile section */
		8517A638221294C200880F20 /* AppDelegate.swift in Sources */ = {isa = PBXBuildFile; fileRef = 8517A637221294C200880F20 /* AppDelegate.swift */; };
		8517A63A221294C200880F20 /* GameScene.sks in Resources */ = {isa = PBXBuildFile; fileRef = 8517A639221294C200880F20 /* GameScene.sks */; };
		8517A63C221294C200880F20 /* Actions.sks in Resources */ = {isa = PBXBuildFile; fileRef = 8517A63B221294C200880F20 /* Actions.sks */; };
		8517A63E221294C200880F20 /* GameScene.swift in Sources */ = {isa = PBXBuildFile; fileRef = 8517A63D221294C200880F20 /* GameScene.swift */; };
		8517A640221294C200880F20 /* GameViewController.swift in Sources */ = {isa = PBXBuildFile; fileRef = 8517A63F221294C200880F20 /* GameViewController.swift */; };
		8517A643221294C200880F20 /* Main.storyboard in Resources */ = {isa = PBXBuildFile; fileRef = 8517A641221294C200880F20 /* Main.storyboard */; };
		8517A645221294C400880F20 /* Assets.xcassets in Resources */ = {isa = PBXBuildFile; fileRef = 8517A644221294C400880F20 /* Assets.xcassets */; };
		8517A648221294C400880F20 /* LaunchScreen.storyboard in Resources */ = {isa = PBXBuildFile; fileRef = 8517A646221294C400880F20 /* LaunchScreen.storyboard */; };
		852A59F92219494F000EEB12 /* GameScene.mdj in Resources */ = {isa = PBXBuildFile; fileRef = 852A59F82219494F000EEB12 /* GameScene.mdj */; };
		852A59FC22194B97000EEB12 /* Logic.swift in Sources */ = {isa = PBXBuildFile; fileRef = 852A59FB22194B97000EEB12 /* Logic.swift */; };
		852A59FE22194BEE000EEB12 /* Action.swift in Sources */ = {isa = PBXBuildFile; fileRef = 852A59FD22194BEE000EEB12 /* Action.swift */; };
		852A5A0022194CA1000EEB12 /* Condition.swift in Sources */ = {isa = PBXBuildFile; fileRef = 852A59FF22194CA1000EEB12 /* Condition.swift */; };
		852A5A02221959FB000EEB12 /* ActionEngine.swift in Sources */ = {isa = PBXBuildFile; fileRef = 852A5A01221959FB000EEB12 /* ActionEngine.swift */; };
		852A5A0422195DCB000EEB12 /* FighterView.swift in Sources */ = {isa = PBXBuildFile; fileRef = 852A5A0322195DCB000EEB12 /* FighterView.swift */; };
		852A5A0622199CA5000EEB12 /* Joystick.swift in Sources */ = {isa = PBXBuildFile; fileRef = 852A5A0522199CA5000EEB12 /* Joystick.swift */; };
		A153FE67B822013ED5814E4B /* Pods_StickCombat.framework in Frameworks */ = {isa = PBXBuildFile; fileRef = ECE5D153B1430EADB46DC852 /* Pods_StickCombat.framework */; };
		A5187510221AB4B2007CDFDE /* ControllerStickView.swift in Sources */ = {isa = PBXBuildFile; fileRef = A518750F221AB4B2007CDFDE /* ControllerStickView.swift */; };
		A5187512221AB73E007CDFDE /* ControllerButtonsView.swift in Sources */ = {isa = PBXBuildFile; fileRef = A5187511221AB73E007CDFDE /* ControllerButtonsView.swift */; };
		A5EDE75722204AFB000FC333 /* Menu.storyboard in Resources */ = {isa = PBXBuildFile; fileRef = A5EDE75622204AFB000FC333 /* Menu.storyboard */; };
/* End PBXBuildFile section */

/* Begin PBXFileReference section */
		8517A634221294C200880F20 /* StickCombat.app */ = {isa = PBXFileReference; explicitFileType = wrapper.application; includeInIndex = 0; path = StickCombat.app; sourceTree = BUILT_PRODUCTS_DIR; };
		8517A637221294C200880F20 /* AppDelegate.swift */ = {isa = PBXFileReference; lastKnownFileType = sourcecode.swift; path = AppDelegate.swift; sourceTree = "<group>"; };
		8517A639221294C200880F20 /* GameScene.sks */ = {isa = PBXFileReference; lastKnownFileType = file.sks; path = GameScene.sks; sourceTree = "<group>"; };
		8517A63B221294C200880F20 /* Actions.sks */ = {isa = PBXFileReference; lastKnownFileType = file.sks; path = Actions.sks; sourceTree = "<group>"; };
		8517A63D221294C200880F20 /* GameScene.swift */ = {isa = PBXFileReference; lastKnownFileType = sourcecode.swift; path = GameScene.swift; sourceTree = "<group>"; };
		8517A63F221294C200880F20 /* GameViewController.swift */ = {isa = PBXFileReference; lastKnownFileType = sourcecode.swift; path = GameViewController.swift; sourceTree = "<group>"; };
		8517A642221294C200880F20 /* Base */ = {isa = PBXFileReference; lastKnownFileType = file.storyboard; name = Base; path = Base.lproj/Main.storyboard; sourceTree = "<group>"; };
		8517A644221294C400880F20 /* Assets.xcassets */ = {isa = PBXFileReference; lastKnownFileType = folder.assetcatalog; path = Assets.xcassets; sourceTree = "<group>"; };
		8517A647221294C400880F20 /* Base */ = {isa = PBXFileReference; lastKnownFileType = file.storyboard; name = Base; path = Base.lproj/LaunchScreen.storyboard; sourceTree = "<group>"; };
		8517A649221294C400880F20 /* Info.plist */ = {isa = PBXFileReference; lastKnownFileType = text.plist.xml; path = Info.plist; sourceTree = "<group>"; };
		852A59F82219494F000EEB12 /* GameScene.mdj */ = {isa = PBXFileReference; fileEncoding = 4; lastKnownFileType = text; path = GameScene.mdj; sourceTree = "<group>"; };
		852A59FB22194B97000EEB12 /* Logic.swift */ = {isa = PBXFileReference; lastKnownFileType = sourcecode.swift; path = Logic.swift; sourceTree = "<group>"; };
		852A59FD22194BEE000EEB12 /* Action.swift */ = {isa = PBXFileReference; lastKnownFileType = sourcecode.swift; path = Action.swift; sourceTree = "<group>"; };
		852A59FF22194CA1000EEB12 /* Condition.swift */ = {isa = PBXFileReference; lastKnownFileType = sourcecode.swift; path = Condition.swift; sourceTree = "<group>"; };
		852A5A01221959FB000EEB12 /* ActionEngine.swift */ = {isa = PBXFileReference; lastKnownFileType = sourcecode.swift; path = ActionEngine.swift; sourceTree = "<group>"; };
		852A5A0322195DCB000EEB12 /* FighterView.swift */ = {isa = PBXFileReference; lastKnownFileType = sourcecode.swift; path = FighterView.swift; sourceTree = "<group>"; };
		852A5A0522199CA5000EEB12 /* Joystick.swift */ = {isa = PBXFileReference; lastKnownFileType = sourcecode.swift; path = Joystick.swift; sourceTree = "<group>"; };
		933571C040C96E10A98A61EC /* Pods-StickCombat.debug.xcconfig */ = {isa = PBXFileReference; includeInIndex = 1; lastKnownFileType = text.xcconfig; name = "Pods-StickCombat.debug.xcconfig"; path = "Pods/Target Support Files/Pods-StickCombat/Pods-StickCombat.debug.xcconfig"; sourceTree = "<group>"; };
		A518750F221AB4B2007CDFDE /* ControllerStickView.swift */ = {isa = PBXFileReference; lastKnownFileType = sourcecode.swift; path = ControllerStickView.swift; sourceTree = "<group>"; };
		A5187511221AB73E007CDFDE /* ControllerButtonsView.swift */ = {isa = PBXFileReference; lastKnownFileType = sourcecode.swift; path = ControllerButtonsView.swift; sourceTree = "<group>"; };
		A567BDD32232C3E800D143B4 /* ТЗ_StickCombat.pages */ = {isa = PBXFileReference; lastKnownFileType = file; name = "ТЗ_StickCombat.pages"; path = "../../ТЗ_StickCombat.pages"; sourceTree = "<group>"; };
		A567BDD42232C40400D143B4 /* SFSportsNightNS.ttf */ = {isa = PBXFileReference; lastKnownFileType = file; name = SFSportsNightNS.ttf; path = ../../../../Library/Fonts/SFSportsNightNS.ttf; sourceTree = "<group>"; };
		A5EDE75622204AFB000FC333 /* Menu.storyboard */ = {isa = PBXFileReference; lastKnownFileType = file.storyboard; path = Menu.storyboard; sourceTree = "<group>"; };
		E81889C0AE908F91A8EECFA5 /* Pods-StickCombat.release.xcconfig */ = {isa = PBXFileReference; includeInIndex = 1; lastKnownFileType = text.xcconfig; name = "Pods-StickCombat.release.xcconfig"; path = "Pods/Target Support Files/Pods-StickCombat/Pods-StickCombat.release.xcconfig"; sourceTree = "<group>"; };
		ECE5D153B1430EADB46DC852 /* Pods_StickCombat.framework */ = {isa = PBXFileReference; explicitFileType = wrapper.framework; includeInIndex = 0; path = Pods_StickCombat.framework; sourceTree = BUILT_PRODUCTS_DIR; };
/* End PBXFileReference section */

/* Begin PBXFrameworksBuildPhase section */
		8517A631221294C200880F20 /* Frameworks */ = {
			isa = PBXFrameworksBuildPhase;
			buildActionMask = 2147483647;
			files = (
				A153FE67B822013ED5814E4B /* Pods_StickCombat.framework in Frameworks */,
			);
			runOnlyForDeploymentPostprocessing = 0;
		};
/* End PBXFrameworksBuildPhase section */

/* Begin PBXGroup section */
		1E9F65EF790BEA99F77D5595 /* Pods */ = {
			isa = PBXGroup;
			children = (
				933571C040C96E10A98A61EC /* Pods-StickCombat.debug.xcconfig */,
				E81889C0AE908F91A8EECFA5 /* Pods-StickCombat.release.xcconfig */,
			);
			name = Pods;
			sourceTree = "<group>";
		};
		8517A62B221294C200880F20 = {
			isa = PBXGroup;
			children = (
				852A59F62219491A000EEB12 /* Docs */,
				8517A636221294C200880F20 /* StickCombat */,
				8517A635221294C200880F20 /* Products */,
				1E9F65EF790BEA99F77D5595 /* Pods */,
				EEFD09FD49A6A2D8427548F0 /* Frameworks */,
			);
			sourceTree = "<group>";
		};
		8517A635221294C200880F20 /* Products */ = {
			isa = PBXGroup;
			children = (
				8517A634221294C200880F20 /* StickCombat.app */,
			);
			name = Products;
			sourceTree = "<group>";
		};
		8517A636221294C200880F20 /* StickCombat */ = {
			isa = PBXGroup;
			children = (
				A518750C221AB447007CDFDE /* Controllers */,
				852A59FA22194ADE000EEB12 /* SceneStructure */,
				8517A637221294C200880F20 /* AppDelegate.swift */,
				8517A639221294C200880F20 /* GameScene.sks */,
				8517A63B221294C200880F20 /* Actions.sks */,
				8517A63F221294C200880F20 /* GameViewController.swift */,
				8517A641221294C200880F20 /* Main.storyboard */,
				8517A644221294C400880F20 /* Assets.xcassets */,
				A567BDD42232C40400D143B4 /* SFSportsNightNS.ttf */,
				8517A646221294C400880F20 /* LaunchScreen.storyboard */,
				8517A649221294C400880F20 /* Info.plist */,
				A5EDE75622204AFB000FC333 /* Menu.storyboard */,
			);
			path = StickCombat;
			sourceTree = "<group>";
		};
		852A59F62219491A000EEB12 /* Docs */ = {
			isa = PBXGroup;
			children = (
				A567BDD32232C3E800D143B4 /* ТЗ_StickCombat.pages */,
				852A59F72219494F000EEB12 /* UML */,
			);
			path = Docs;
			sourceTree = "<group>";
		};
		852A59F72219494F000EEB12 /* UML */ = {
			isa = PBXGroup;
			children = (
				852A59F82219494F000EEB12 /* GameScene.mdj */,
			);
			path = UML;
			sourceTree = "<group>";
		};
		852A59FA22194ADE000EEB12 /* SceneStructure */ = {
			isa = PBXGroup;
			children = (
				8517A63D221294C200880F20 /* GameScene.swift */,
				852A59FB22194B97000EEB12 /* Logic.swift */,
				852A59FD22194BEE000EEB12 /* Action.swift */,
				852A59FF22194CA1000EEB12 /* Condition.swift */,
				852A5A01221959FB000EEB12 /* ActionEngine.swift */,
				852A5A0322195DCB000EEB12 /* FighterView.swift */,
				852A5A0522199CA5000EEB12 /* Joystick.swift */,
			);
			path = SceneStructure;
			sourceTree = "<group>";
		};
		A518750C221AB447007CDFDE /* Controllers */ = {
			isa = PBXGroup;
			children = (
				A518750F221AB4B2007CDFDE /* ControllerStickView.swift */,
				A5187511221AB73E007CDFDE /* ControllerButtonsView.swift */,
			);
			path = Controllers;
			sourceTree = "<group>";
		};
		EEFD09FD49A6A2D8427548F0 /* Frameworks */ = {
			isa = PBXGroup;
			children = (
				ECE5D153B1430EADB46DC852 /* Pods_StickCombat.framework */,
			);
			name = Frameworks;
			sourceTree = "<group>";
		};
/* End PBXGroup section */

/* Begin PBXNativeTarget section */
		8517A633221294C200880F20 /* StickCombat */ = {
			isa = PBXNativeTarget;
			buildConfigurationList = 8517A64C221294C400880F20 /* Build configuration list for PBXNativeTarget "StickCombat" */;
			buildPhases = (
				ECC12D064869E8B3847F60CE /* [CP] Check Pods Manifest.lock */,
				8517A630221294C200880F20 /* Sources */,
				8517A631221294C200880F20 /* Frameworks */,
				8517A632221294C200880F20 /* Resources */,
				729CF6D8F69DD09AFFB79689 /* [CP] Embed Pods Frameworks */,
			);
			buildRules = (
			);
			dependencies = (
			);
			name = StickCombat;
			productName = StickCombat;
			productReference = 8517A634221294C200880F20 /* StickCombat.app */;
			productType = "com.apple.product-type.application";
		};
/* End PBXNativeTarget section */

/* Begin PBXProject section */
		8517A62C221294C200880F20 /* Project object */ = {
			isa = PBXProject;
			attributes = {
				LastSwiftUpdateCheck = 1010;
				LastUpgradeCheck = 1010;
				ORGANIZATIONNAME = CoderUl;
				TargetAttributes = {
					8517A633221294C200880F20 = {
						CreatedOnToolsVersion = 10.1;
					};
				};
			};
			buildConfigurationList = 8517A62F221294C200880F20 /* Build configuration list for PBXProject "StickCombat" */;
			compatibilityVersion = "Xcode 9.3";
			developmentRegion = en;
			hasScannedForEncodings = 0;
			knownRegions = (
				en,
				Base,
			);
			mainGroup = 8517A62B221294C200880F20;
			productRefGroup = 8517A635221294C200880F20 /* Products */;
			projectDirPath = "";
			projectRoot = "";
			targets = (
				8517A633221294C200880F20 /* StickCombat */,
			);
		};
/* End PBXProject section */

/* Begin PBXResourcesBuildPhase section */
		8517A632221294C200880F20 /* Resources */ = {
			isa = PBXResourcesBuildPhase;
			buildActionMask = 2147483647;
			files = (
				A5EDE75722204AFB000FC333 /* Menu.storyboard in Resources */,
				8517A643221294C200880F20 /* Main.storyboard in Resources */,
				8517A63A221294C200880F20 /* GameScene.sks in Resources */,
				8517A645221294C400880F20 /* Assets.xcassets in Resources */,
				8517A648221294C400880F20 /* LaunchScreen.storyboard in Resources */,
				852A59F92219494F000EEB12 /* GameScene.mdj in Resources */,
				8517A63C221294C200880F20 /* Actions.sks in Resources */,
			);
			runOnlyForDeploymentPostprocessing = 0;
		};
/* End PBXResourcesBuildPhase section */

/* Begin PBXShellScriptBuildPhase section */
		729CF6D8F69DD09AFFB79689 /* [CP] Embed Pods Frameworks */ = {
			isa = PBXShellScriptBuildPhase;
			buildActionMask = 2147483647;
			files = (
			);
			inputPaths = (
				"${SRCROOT}/Pods/Target Support Files/Pods-StickCombat/Pods-StickCombat-frameworks.sh",
				"${BUILT_PRODUCTS_DIR}/Starscream/Starscream.framework",
			);
			name = "[CP] Embed Pods Frameworks";
			outputPaths = (
				"${TARGET_BUILD_DIR}/${FRAMEWORKS_FOLDER_PATH}/Starscream.framework",
			);
			runOnlyForDeploymentPostprocessing = 0;
			shellPath = /bin/sh;
			shellScript = "\"${SRCROOT}/Pods/Target Support Files/Pods-StickCombat/Pods-StickCombat-frameworks.sh\"\n";
			showEnvVarsInLog = 0;
		};
		ECC12D064869E8B3847F60CE /* [CP] Check Pods Manifest.lock */ = {
			isa = PBXShellScriptBuildPhase;
			buildActionMask = 2147483647;
			files = (
			);
			inputPaths = (
				"${PODS_PODFILE_DIR_PATH}/Podfile.lock",
				"${PODS_ROOT}/Manifest.lock",
			);
			name = "[CP] Check Pods Manifest.lock";
			outputPaths = (
				"$(DERIVED_FILE_DIR)/Pods-StickCombat-checkManifestLockResult.txt",
			);
			runOnlyForDeploymentPostprocessing = 0;
			shellPath = /bin/sh;
			shellScript = "diff \"${PODS_PODFILE_DIR_PATH}/Podfile.lock\" \"${PODS_ROOT}/Manifest.lock\" > /dev/null\nif [ $? != 0 ] ; then\n    # print error to STDERR\n    echo \"error: The sandbox is not in sync with the Podfile.lock. Run 'pod install' or update your CocoaPods installation.\" >&2\n    exit 1\nfi\n# This output is used by Xcode 'outputs' to avoid re-running this script phase.\necho \"SUCCESS\" > \"${SCRIPT_OUTPUT_FILE_0}\"\n";
			showEnvVarsInLog = 0;
		};
/* End PBXShellScriptBuildPhase section */

/* Begin PBXSourcesBuildPhase section */
		8517A630221294C200880F20 /* Sources */ = {
			isa = PBXSourcesBuildPhase;
			buildActionMask = 2147483647;
			files = (
				852A5A0622199CA5000EEB12 /* Joystick.swift in Sources */,
				852A5A0422195DCB000EEB12 /* FighterView.swift in Sources */,
				8517A63E221294C200880F20 /* GameScene.swift in Sources */,
				852A5A0022194CA1000EEB12 /* Condition.swift in Sources */,
				A5187512221AB73E007CDFDE /* ControllerButtonsView.swift in Sources */,
				852A5A02221959FB000EEB12 /* ActionEngine.swift in Sources */,
				8517A640221294C200880F20 /* GameViewController.swift in Sources */,
				A5187510221AB4B2007CDFDE /* ControllerStickView.swift in Sources */,
				852A59FC22194B97000EEB12 /* Logic.swift in Sources */,
				852A59FE22194BEE000EEB12 /* Action.swift in Sources */,
				8517A638221294C200880F20 /* AppDelegate.swift in Sources */,
			);
			runOnlyForDeploymentPostprocessing = 0;
		};
/* End PBXSourcesBuildPhase section */

/* Begin PBXVariantGroup section */
		8517A641221294C200880F20 /* Main.storyboard */ = {
			isa = PBXVariantGroup;
			children = (
				8517A642221294C200880F20 /* Base */,
			);
			name = Main.storyboard;
			sourceTree = "<group>";
		};
		8517A646221294C400880F20 /* LaunchScreen.storyboard */ = {
			isa = PBXVariantGroup;
			children = (
				8517A647221294C400880F20 /* Base */,
			);
			name = LaunchScreen.storyboard;
			sourceTree = "<group>";
		};
/* End PBXVariantGroup section */

/* Begin XCBuildConfiguration section */
		8517A64A221294C400880F20 /* Debug */ = {
			isa = XCBuildConfiguration;
			buildSettings = {
				ALWAYS_SEARCH_USER_PATHS = NO;
				CLANG_ANALYZER_NONNULL = YES;
				CLANG_ANALYZER_NUMBER_OBJECT_CONVERSION = YES_AGGRESSIVE;
				CLANG_CXX_LANGUAGE_STANDARD = "gnu++14";
				CLANG_CXX_LIBRARY = "libc++";
				CLANG_ENABLE_MODULES = YES;
				CLANG_ENABLE_OBJC_ARC = YES;
				CLANG_ENABLE_OBJC_WEAK = YES;
				CLANG_WARN_BLOCK_CAPTURE_AUTORELEASING = YES;
				CLANG_WARN_BOOL_CONVERSION = YES;
				CLANG_WARN_COMMA = YES;
				CLANG_WARN_CONSTANT_CONVERSION = YES;
				CLANG_WARN_DEPRECATED_OBJC_IMPLEMENTATIONS = YES;
				CLANG_WARN_DIRECT_OBJC_ISA_USAGE = YES_ERROR;
				CLANG_WARN_DOCUMENTATION_COMMENTS = YES;
				CLANG_WARN_EMPTY_BODY = YES;
				CLANG_WARN_ENUM_CONVERSION = YES;
				CLANG_WARN_INFINITE_RECURSION = YES;
				CLANG_WARN_INT_CONVERSION = YES;
				CLANG_WARN_NON_LITERAL_NULL_CONVERSION = YES;
				CLANG_WARN_OBJC_IMPLICIT_RETAIN_SELF = YES;
				CLANG_WARN_OBJC_LITERAL_CONVERSION = YES;
				CLANG_WARN_OBJC_ROOT_CLASS = YES_ERROR;
				CLANG_WARN_RANGE_LOOP_ANALYSIS = YES;
				CLANG_WARN_STRICT_PROTOTYPES = YES;
				CLANG_WARN_SUSPICIOUS_MOVE = YES;
				CLANG_WARN_UNGUARDED_AVAILABILITY = YES_AGGRESSIVE;
				CLANG_WARN_UNREACHABLE_CODE = YES;
				CLANG_WARN__DUPLICATE_METHOD_MATCH = YES;
				CODE_SIGN_IDENTITY = "iPhone Developer";
				COPY_PHASE_STRIP = NO;
				DEBUG_INFORMATION_FORMAT = dwarf;
				ENABLE_STRICT_OBJC_MSGSEND = YES;
				ENABLE_TESTABILITY = YES;
				GCC_C_LANGUAGE_STANDARD = gnu11;
				GCC_DYNAMIC_NO_PIC = NO;
				GCC_NO_COMMON_BLOCKS = YES;
				GCC_OPTIMIZATION_LEVEL = 0;
				GCC_PREPROCESSOR_DEFINITIONS = (
					"DEBUG=1",
					"$(inherited)",
				);
				GCC_WARN_64_TO_32_BIT_CONVERSION = YES;
				GCC_WARN_ABOUT_RETURN_TYPE = YES_ERROR;
				GCC_WARN_UNDECLARED_SELECTOR = YES;
				GCC_WARN_UNINITIALIZED_AUTOS = YES_AGGRESSIVE;
				GCC_WARN_UNUSED_FUNCTION = YES;
				GCC_WARN_UNUSED_VARIABLE = YES;
				IPHONEOS_DEPLOYMENT_TARGET = 12.1;
				MTL_ENABLE_DEBUG_INFO = INCLUDE_SOURCE;
				MTL_FAST_MATH = YES;
				ONLY_ACTIVE_ARCH = YES;
				SDKROOT = iphoneos;
				SWIFT_ACTIVE_COMPILATION_CONDITIONS = DEBUG;
				SWIFT_OPTIMIZATION_LEVEL = "-Onone";
			};
			name = Debug;
		};
		8517A64B221294C400880F20 /* Release */ = {
			isa = XCBuildConfiguration;
			buildSettings = {
				ALWAYS_SEARCH_USER_PATHS = NO;
				CLANG_ANALYZER_NONNULL = YES;
				CLANG_ANALYZER_NUMBER_OBJECT_CONVERSION = YES_AGGRESSIVE;
				CLANG_CXX_LANGUAGE_STANDARD = "gnu++14";
				CLANG_CXX_LIBRARY = "libc++";
				CLANG_ENABLE_MODULES = YES;
				CLANG_ENABLE_OBJC_ARC = YES;
				CLANG_ENABLE_OBJC_WEAK = YES;
				CLANG_WARN_BLOCK_CAPTURE_AUTORELEASING = YES;
				CLANG_WARN_BOOL_CONVERSION = YES;
				CLANG_WARN_COMMA = YES;
				CLANG_WARN_CONSTANT_CONVERSION = YES;
				CLANG_WARN_DEPRECATED_OBJC_IMPLEMENTATIONS = YES;
				CLANG_WARN_DIRECT_OBJC_ISA_USAGE = YES_ERROR;
				CLANG_WARN_DOCUMENTATION_COMMENTS = YES;
				CLANG_WARN_EMPTY_BODY = YES;
				CLANG_WARN_ENUM_CONVERSION = YES;
				CLANG_WARN_INFINITE_RECURSION = YES;
				CLANG_WARN_INT_CONVERSION = YES;
				CLANG_WARN_NON_LITERAL_NULL_CONVERSION = YES;
				CLANG_WARN_OBJC_IMPLICIT_RETAIN_SELF = YES;
				CLANG_WARN_OBJC_LITERAL_CONVERSION = YES;
				CLANG_WARN_OBJC_ROOT_CLASS = YES_ERROR;
				CLANG_WARN_RANGE_LOOP_ANALYSIS = YES;
				CLANG_WARN_STRICT_PROTOTYPES = YES;
				CLANG_WARN_SUSPICIOUS_MOVE = YES;
				CLANG_WARN_UNGUARDED_AVAILABILITY = YES_AGGRESSIVE;
				CLANG_WARN_UNREACHABLE_CODE = YES;
				CLANG_WARN__DUPLICATE_METHOD_MATCH = YES;
				CODE_SIGN_IDENTITY = "iPhone Developer";
				COPY_PHASE_STRIP = NO;
				DEBUG_INFORMATION_FORMAT = "dwarf-with-dsym";
				ENABLE_NS_ASSERTIONS = NO;
				ENABLE_STRICT_OBJC_MSGSEND = YES;
				GCC_C_LANGUAGE_STANDARD = gnu11;
				GCC_NO_COMMON_BLOCKS = YES;
				GCC_WARN_64_TO_32_BIT_CONVERSION = YES;
				GCC_WARN_ABOUT_RETURN_TYPE = YES_ERROR;
				GCC_WARN_UNDECLARED_SELECTOR = YES;
				GCC_WARN_UNINITIALIZED_AUTOS = YES_AGGRESSIVE;
				GCC_WARN_UNUSED_FUNCTION = YES;
				GCC_WARN_UNUSED_VARIABLE = YES;
				IPHONEOS_DEPLOYMENT_TARGET = 12.1;
				MTL_ENABLE_DEBUG_INFO = NO;
				MTL_FAST_MATH = YES;
				SDKROOT = iphoneos;
				SWIFT_COMPILATION_MODE = wholemodule;
				SWIFT_OPTIMIZATION_LEVEL = "-O";
				VALIDATE_PRODUCT = YES;
			};
			name = Release;
		};
		8517A64D221294C400880F20 /* Debug */ = {
			isa = XCBuildConfiguration;
			baseConfigurationReference = 933571C040C96E10A98A61EC /* Pods-StickCombat.debug.xcconfig */;
			buildSettings = {
				ASSETCATALOG_COMPILER_APPICON_NAME = AppIcon;
				CODE_SIGN_STYLE = Automatic;
				DEVELOPMENT_TEAM = 89VP49HRA2;
				INFOPLIST_FILE = StickCombat/Info.plist;
				LD_RUNPATH_SEARCH_PATHS = (
					"$(inherited)",
					"@executable_path/Frameworks",
				);
				PRODUCT_BUNDLE_IDENTIFIER = CoderUl.StickCombat;
				PRODUCT_NAME = "$(TARGET_NAME)";
				SWIFT_VERSION = 4.2;
				TARGETED_DEVICE_FAMILY = "1,2";
			};
			name = Debug;
		};
		8517A64E221294C400880F20 /* Release */ = {
			isa = XCBuildConfiguration;
			baseConfigurationReference = E81889C0AE908F91A8EECFA5 /* Pods-StickCombat.release.xcconfig */;
			buildSettings = {
				ASSETCATALOG_COMPILER_APPICON_NAME = AppIcon;
				CODE_SIGN_STYLE = Automatic;
				DEVELOPMENT_TEAM = 89VP49HRA2;
				INFOPLIST_FILE = StickCombat/Info.plist;
				LD_RUNPATH_SEARCH_PATHS = (
					"$(inherited)",
					"@executable_path/Frameworks",
				);
				PRODUCT_BUNDLE_IDENTIFIER = CoderUl.StickCombat;
				PRODUCT_NAME = "$(TARGET_NAME)";
				SWIFT_VERSION = 4.2;
				TARGETED_DEVICE_FAMILY = "1,2";
			};
			name = Release;
		};
/* End XCBuildConfiguration section */

/* Begin XCConfigurationList section */
		8517A62F221294C200880F20 /* Build configuration list for PBXProject "StickCombat" */ = {
			isa = XCConfigurationList;
			buildConfigurations = (
				8517A64A221294C400880F20 /* Debug */,
				8517A64B221294C400880F20 /* Release */,
			);
			defaultConfigurationIsVisible = 0;
			defaultConfigurationName = Release;
		};
		8517A64C221294C400880F20 /* Build configuration list for PBXNativeTarget "StickCombat" */ = {
			isa = XCConfigurationList;
			buildConfigurations = (
				8517A64D221294C400880F20 /* Debug */,
				8517A64E221294C400880F20 /* Release */,
			);
			defaultConfigurationIsVisible = 0;
			defaultConfigurationName = Release;
		};
/* End XCConfigurationList section */
	};
	rootObject = 8517A62C221294C200880F20 /* Project object */;
}
